
Microsoft Visual Studio Solution File, Format Version 12.00
# Visual Studio Version 17
VisualStudioVersion = 17.6.33829.357
MinimumVisualStudioVersion = 10.0.40219.1
Project("{FAE04EC0-301F-11D3-BF4B-00C04F79EFBC}") = "IChat", "IChat\IChat.csproj", "{2D5E50D1-E85E-487D-BF29-726B5BBFED5F}"
EndProject
Global
	GlobalSection(SolutionConfigurationPlatforms) = preSolution
		Debug|Any CPU = Debug|Any CPU
		Release|Any CPU = Release|Any CPU
	EndGlobalSection
	GlobalSection(ProjectConfigurationPlatforms) = postSolution
		{2D5E50D1-E85E-487D-BF29-726B5BBFED5F}.Debug|Any CPU.ActiveCfg = Debug|Any CPU
		{2D5E50D1-E85E-487D-BF29-726B5BBFED5F}.Debug|Any CPU.Build.0 = Debug|Any CPU
		{2D5E50D1-E85E-487D-BF29-726B5BBFED5F}.Release|Any CPU.ActiveCfg = Release|Any CPU
		{2D5E50D1-E85E-487D-BF29-726B5BBFED5F}.Release|Any CPU.Build.0 = Release|Any CPU
	EndGlobalSection
	GlobalSection(SolutionProperties) = preSolution
		HideSolutionNode = FALSE
	EndGlobalSection
	GlobalSection(ExtensibilityGlobals) = postSolution
		SolutionGuid = {BA7A7EC0-8E97-4838-B120-AEFEA75E3D61}
	EndGlobalSection
EndGlobal
